
Microsoft Visual Studio Solution File, Format Version 12.00
# Visual Studio Version 16
VisualStudioVersion = 16.0.30114.105
MinimumVisualStudioVersion = 10.0.40219.1
Project("{2150E333-8FDC-42A3-9474-1A3956D46DE8}") = "src", "src", "{E9E942D9-405E-4CAD-BCE6-28DD6D10504C}"
EndProject
Project("{FAE04EC0-301F-11D3-BF4B-00C04F79EFBC}") = "Messier.CQRS.Commands", "src\Messier.CQRS.Commands\Messier.CQRS.Commands.csproj", "{921074E2-C809-412E-8F28-256B261769D9}"
EndProject
Project("{FAE04EC0-301F-11D3-BF4B-00C04F79EFBC}") = "Messier", "src\Messier\Messier.csproj", "{6DECD41D-411B-44AA-9F93-378EC42125C9}"
EndProject
Project("{FAE04EC0-301F-11D3-BF4B-00C04F79EFBC}") = "Messier.CQRS.Events", "src\Messier.CQRS.Events\Messier.CQRS.Events.csproj", "{58797B78-D798-45AC-8BE4-53229742A0C3}"
EndProject
Project("{FAE04EC0-301F-11D3-BF4B-00C04F79EFBC}") = "Messier.CQRS.Queries", "src\Messier.CQRS.Queries\Messier.CQRS.Queries.csproj", "{D6A072DC-E7EF-4FB9-8CED-A5412523F21E}"
EndProject
Project("{FAE04EC0-301F-11D3-BF4B-00C04F79EFBC}") = "Messier.Messaging", "src\Messier.Messaging\Messier.Messaging.csproj", "{0C68970A-0FF3-47B1-83BE-328AF67A39D0}"
EndProject
Project("{FAE04EC0-301F-11D3-BF4B-00C04F79EFBC}") = "Messier.Messaging.RabbitMQ", "src\Messier.Messaging.RabbitMQ\Messier.Messaging.RabbitMQ.csproj", "{4D7FB117-66D8-4E58-9E83-0917B5221B72}"
EndProject
Project("{FAE04EC0-301F-11D3-BF4B-00C04F79EFBC}") = "Messier.Api", "src\Messier.Api\Messier.Api.csproj", "{6CB4B698-3BA8-402F-913D-A1298D629E9D}"
EndProject
Global
	GlobalSection(SolutionConfigurationPlatforms) = preSolution
		Debug|Any CPU = Debug|Any CPU
		Release|Any CPU = Release|Any CPU
	EndGlobalSection
	GlobalSection(SolutionProperties) = preSolution
		HideSolutionNode = FALSE
	EndGlobalSection
	GlobalSection(ProjectConfigurationPlatforms) = postSolution
		{921074E2-C809-412E-8F28-256B261769D9}.Debug|Any CPU.ActiveCfg = Debug|Any CPU
		{921074E2-C809-412E-8F28-256B261769D9}.Debug|Any CPU.Build.0 = Debug|Any CPU
		{921074E2-C809-412E-8F28-256B261769D9}.Release|Any CPU.ActiveCfg = Release|Any CPU
		{921074E2-C809-412E-8F28-256B261769D9}.Release|Any CPU.Build.0 = Release|Any CPU
		{6DECD41D-411B-44AA-9F93-378EC42125C9}.Debug|Any CPU.ActiveCfg = Debug|Any CPU
		{6DECD41D-411B-44AA-9F93-378EC42125C9}.Debug|Any CPU.Build.0 = Debug|Any CPU
		{6DECD41D-411B-44AA-9F93-378EC42125C9}.Release|Any CPU.ActiveCfg = Release|Any CPU
		{6DECD41D-411B-44AA-9F93-378EC42125C9}.Release|Any CPU.Build.0 = Release|Any CPU
		{58797B78-D798-45AC-8BE4-53229742A0C3}.Debug|Any CPU.ActiveCfg = Debug|Any CPU
		{58797B78-D798-45AC-8BE4-53229742A0C3}.Debug|Any CPU.Build.0 = Debug|Any CPU
		{58797B78-D798-45AC-8BE4-53229742A0C3}.Release|Any CPU.ActiveCfg = Release|Any CPU
		{58797B78-D798-45AC-8BE4-53229742A0C3}.Release|Any CPU.Build.0 = Release|Any CPU
		{D6A072DC-E7EF-4FB9-8CED-A5412523F21E}.Debug|Any CPU.ActiveCfg = Debug|Any CPU
		{D6A072DC-E7EF-4FB9-8CED-A5412523F21E}.Debug|Any CPU.Build.0 = Debug|Any CPU
		{D6A072DC-E7EF-4FB9-8CED-A5412523F21E}.Release|Any CPU.ActiveCfg = Release|Any CPU
		{D6A072DC-E7EF-4FB9-8CED-A5412523F21E}.Release|Any CPU.Build.0 = Release|Any CPU
		{0C68970A-0FF3-47B1-83BE-328AF67A39D0}.Debug|Any CPU.ActiveCfg = Debug|Any CPU
		{0C68970A-0FF3-47B1-83BE-328AF67A39D0}.Debug|Any CPU.Build.0 = Debug|Any CPU
		{0C68970A-0FF3-47B1-83BE-328AF67A39D0}.Release|Any CPU.ActiveCfg = Release|Any CPU
		{0C68970A-0FF3-47B1-83BE-328AF67A39D0}.Release|Any CPU.Build.0 = Release|Any CPU
		{4D7FB117-66D8-4E58-9E83-0917B5221B72}.Debug|Any CPU.ActiveCfg = Debug|Any CPU
		{4D7FB117-66D8-4E58-9E83-0917B5221B72}.Debug|Any CPU.Build.0 = Debug|Any CPU
		{4D7FB117-66D8-4E58-9E83-0917B5221B72}.Release|Any CPU.ActiveCfg = Release|Any CPU
		{4D7FB117-66D8-4E58-9E83-0917B5221B72}.Release|Any CPU.Build.0 = Release|Any CPU
		{6CB4B698-3BA8-402F-913D-A1298D629E9D}.Debug|Any CPU.ActiveCfg = Debug|Any CPU
		{6CB4B698-3BA8-402F-913D-A1298D629E9D}.Debug|Any CPU.Build.0 = Debug|Any CPU
		{6CB4B698-3BA8-402F-913D-A1298D629E9D}.Release|Any CPU.ActiveCfg = Release|Any CPU
		{6CB4B698-3BA8-402F-913D-A1298D629E9D}.Release|Any CPU.Build.0 = Release|Any CPU
	EndGlobalSection
	GlobalSection(NestedProjects) = preSolution
		{921074E2-C809-412E-8F28-256B261769D9} = {E9E942D9-405E-4CAD-BCE6-28DD6D10504C}
		{6DECD41D-411B-44AA-9F93-378EC42125C9} = {E9E942D9-405E-4CAD-BCE6-28DD6D10504C}
		{58797B78-D798-45AC-8BE4-53229742A0C3} = {E9E942D9-405E-4CAD-BCE6-28DD6D10504C}
		{D6A072DC-E7EF-4FB9-8CED-A5412523F21E} = {E9E942D9-405E-4CAD-BCE6-28DD6D10504C}
		{0C68970A-0FF3-47B1-83BE-328AF67A39D0} = {E9E942D9-405E-4CAD-BCE6-28DD6D10504C}
		{4D7FB117-66D8-4E58-9E83-0917B5221B72} = {E9E942D9-405E-4CAD-BCE6-28DD6D10504C}
		{6CB4B698-3BA8-402F-913D-A1298D629E9D} = {E9E942D9-405E-4CAD-BCE6-28DD6D10504C}
	EndGlobalSection
EndGlobal
